
Microsoft Visual Studio Solution File, Format Version 12.00
# Visual Studio Version 16
VisualStudioVersion = 16.0.32901.82
MinimumVisualStudioVersion = 10.0.40219.1
Project("{FAE04EC0-301F-11D3-BF4B-00C04F79EFBC}") = "Mayla Fathin_20210140069_Exe2", "Mayla Fathin_20210140069_Exe2\Mayla Fathin_20210140069_Exe2.csproj", "{C5B050C4-D2F9-4CE0-A48F-C06F1BFA2754}"
EndProject
Global
	GlobalSection(SolutionConfigurationPlatforms) = preSolution
		Debug|Any CPU = Debug|Any CPU
		Release|Any CPU = Release|Any CPU
	EndGlobalSection
	GlobalSection(ProjectConfigurationPlatforms) = postSolution
		{C5B050C4-D2F9-4CE0-A48F-C06F1BFA2754}.Debug|Any CPU.ActiveCfg = Debug|Any CPU
		{C5B050C4-D2F9-4CE0-A48F-C06F1BFA2754}.Debug|Any CPU.Build.0 = Debug|Any CPU
		{C5B050C4-D2F9-4CE0-A48F-C06F1BFA2754}.Release|Any CPU.ActiveCfg = Release|Any CPU
		{C5B050C4-D2F9-4CE0-A48F-C06F1BFA2754}.Release|Any CPU.Build.0 = Release|Any CPU
	EndGlobalSection
	GlobalSection(SolutionProperties) = preSolution
		HideSolutionNode = FALSE
	EndGlobalSection
	GlobalSection(ExtensibilityGlobals) = postSolution
		SolutionGuid = {35B0CC2B-B5A7-462E-AEE9-D0CB2C404029}
	EndGlobalSection
EndGlobal
